// !$*UTF8*$!
{
	archiveVersion = 1;
	classes = {
	};
	objectVersion = 55;
	objects = {

/* Begin PBXBuildFile section */
		384CCC47299C1CBE004049B3 /* SplashUiState.swift in Sources */ = {isa = PBXBuildFile; fileRef = 384CCC46299C1CBE004049B3 /* SplashUiState.swift */; };
		384CCC4C299C1F03004049B3 /* ImcView.swift in Sources */ = {isa = PBXBuildFile; fileRef = 384CCC4B299C1F03004049B3 /* ImcView.swift */; };
		387DD518299C6ADF00799042 /* CustomTextFieldStyle.swift in Sources */ = {isa = PBXBuildFile; fileRef = 387DD517299C6ADF00799042 /* CustomTextFieldStyle.swift */; };
		387DD51F299D42D200799042 /* ImcViewModel.swift in Sources */ = {isa = PBXBuildFile; fileRef = 387DD51E299D42D200799042 /* ImcViewModel.swift */; };
		387DD522299D463E00799042 /* SplashViewModel.swift in Sources */ = {isa = PBXBuildFile; fileRef = 387DD521299D463E00799042 /* SplashViewModel.swift */; };
		387DD525299D4CFB00799042 /* SplashViewRouter.swift in Sources */ = {isa = PBXBuildFile; fileRef = 387DD524299D4CFB00799042 /* SplashViewRouter.swift */; };
		38F8B2AF292F8C66006DD3B9 /* IMCApp.swift in Sources */ = {isa = PBXBuildFile; fileRef = 38F8B2AE292F8C66006DD3B9 /* IMCApp.swift */; };
		38F8B2B1292F8C66006DD3B9 /* SplashView.swift in Sources */ = {isa = PBXBuildFile; fileRef = 38F8B2B0292F8C66006DD3B9 /* SplashView.swift */; };
		38F8B2B3292F8C68006DD3B9 /* Assets.xcassets in Resources */ = {isa = PBXBuildFile; fileRef = 38F8B2B2292F8C68006DD3B9 /* Assets.xcassets */; };
		38F8B2B6292F8C68006DD3B9 /* Preview Assets.xcassets in Resources */ = {isa = PBXBuildFile; fileRef = 38F8B2B5292F8C68006DD3B9 /* Preview Assets.xcassets */; };
/* End PBXBuildFile section */

/* Begin PBXFileReference section */
		384CCC46299C1CBE004049B3 /* SplashUiState.swift */ = {isa = PBXFileReference; lastKnownFileType = sourcecode.swift; path = SplashUiState.swift; sourceTree = "<group>"; };
		384CCC4B299C1F03004049B3 /* ImcView.swift */ = {isa = PBXFileReference; lastKnownFileType = sourcecode.swift; path = ImcView.swift; sourceTree = "<group>"; };
		387DD517299C6ADF00799042 /* CustomTextFieldStyle.swift */ = {isa = PBXFileReference; lastKnownFileType = sourcecode.swift; path = CustomTextFieldStyle.swift; sourceTree = "<group>"; };
		387DD51E299D42D200799042 /* ImcViewModel.swift */ = {isa = PBXFileReference; lastKnownFileType = sourcecode.swift; path = ImcViewModel.swift; sourceTree = "<group>"; };
		387DD521299D463E00799042 /* SplashViewModel.swift */ = {isa = PBXFileReference; lastKnownFileType = sourcecode.swift; path = SplashViewModel.swift; sourceTree = "<group>"; };
		387DD524299D4CFB00799042 /* SplashViewRouter.swift */ = {isa = PBXFileReference; lastKnownFileType = sourcecode.swift; path = SplashViewRouter.swift; sourceTree = "<group>"; };
		38F8B2AB292F8C66006DD3B9 /* IMC.app */ = {isa = PBXFileReference; explicitFileType = wrapper.application; includeInIndex = 0; path = IMC.app; sourceTree = BUILT_PRODUCTS_DIR; };
		38F8B2AE292F8C66006DD3B9 /* IMCApp.swift */ = {isa = PBXFileReference; lastKnownFileType = sourcecode.swift; path = IMCApp.swift; sourceTree = "<group>"; };
		38F8B2B0292F8C66006DD3B9 /* SplashView.swift */ = {isa = PBXFileReference; lastKnownFileType = sourcecode.swift; path = SplashView.swift; sourceTree = "<group>"; };
		38F8B2B2292F8C68006DD3B9 /* Assets.xcassets */ = {isa = PBXFileReference; lastKnownFileType = folder.assetcatalog; path = Assets.xcassets; sourceTree = "<group>"; };
		38F8B2B5292F8C68006DD3B9 /* Preview Assets.xcassets */ = {isa = PBXFileReference; lastKnownFileType = folder.assetcatalog; path = "Preview Assets.xcassets"; sourceTree = "<group>"; };
/* End PBXFileReference section */

/* Begin PBXFrameworksBuildPhase section */
		38F8B2A8292F8C66006DD3B9 /* Frameworks */ = {
			isa = PBXFrameworksBuildPhase;
			buildActionMask = 2147483647;
			files = (
			);
			runOnlyForDeploymentPostprocessing = 0;
		};
/* End PBXFrameworksBuildPhase section */

/* Begin PBXGroup section */
		384CCC43299C1C42004049B3 /* Model */ = {
			isa = PBXGroup;
			children = (
				384CCC46299C1CBE004049B3 /* SplashUiState.swift */,
			);
			path = Model;
			sourceTree = "<group>";
		};
		384CCC44299C1C47004049B3 /* ViewModel */ = {
			isa = PBXGroup;
			children = (
				387DD521299D463E00799042 /* SplashViewModel.swift */,
				387DD524299D4CFB00799042 /* SplashViewRouter.swift */,
			);
			path = ViewModel;
			sourceTree = "<group>";
		};
		384CCC45299C1C4C004049B3 /* View */ = {
			isa = PBXGroup;
			children = (
				38F8B2B0292F8C66006DD3B9 /* SplashView.swift */,
			);
			path = View;
			sourceTree = "<group>";
		};
		384CCC48299C1E9D004049B3 /* Splash */ = {
			isa = PBXGroup;
			children = (
				384CCC45299C1C4C004049B3 /* View */,
				384CCC44299C1C47004049B3 /* ViewModel */,
				384CCC43299C1C42004049B3 /* Model */,
			);
			path = Splash;
			sourceTree = "<group>";
		};
		384CCC49299C1ED3004049B3 /* Imc */ = {
			isa = PBXGroup;
			children = (
				387DD51A299C6C4400799042 /* ViewModel */,
				387DD519299C6C3F00799042 /* Model */,
				384CCC4A299C1EDA004049B3 /* View */,
			);
			path = Imc;
			sourceTree = "<group>";
		};
		384CCC4A299C1EDA004049B3 /* View */ = {
			isa = PBXGroup;
			children = (
				384CCC4B299C1F03004049B3 /* ImcView.swift */,
			);
			path = View;
			sourceTree = "<group>";
		};
		387DD515299C6AC300799042 /* Common */ = {
			isa = PBXGroup;
			children = (
				387DD516299C6ACB00799042 /* Style */,
			);
			path = Common;
			sourceTree = "<group>";
		};
		387DD516299C6ACB00799042 /* Style */ = {
			isa = PBXGroup;
			children = (
				387DD517299C6ADF00799042 /* CustomTextFieldStyle.swift */,
			);
			path = Style;
			sourceTree = "<group>";
		};
		387DD519299C6C3F00799042 /* Model */ = {
			isa = PBXGroup;
			children = (
				387DD51E299D42D200799042 /* ImcViewModel.swift */,
			);
			path = Model;
			sourceTree = "<group>";
		};
		387DD51A299C6C4400799042 /* ViewModel */ = {
			isa = PBXGroup;
			children = (
			);
			path = ViewModel;
			sourceTree = "<group>";
		};
		38F8B2A2292F8C66006DD3B9 = {
			isa = PBXGroup;
			children = (
				38F8B2AD292F8C66006DD3B9 /* IMC */,
				38F8B2AC292F8C66006DD3B9 /* Products */,
			);
			sourceTree = "<group>";
		};
		38F8B2AC292F8C66006DD3B9 /* Products */ = {
			isa = PBXGroup;
			children = (
				38F8B2AB292F8C66006DD3B9 /* IMC.app */,
			);
			name = Products;
			sourceTree = "<group>";
		};
		38F8B2AD292F8C66006DD3B9 /* IMC */ = {
			isa = PBXGroup;
			children = (
				387DD515299C6AC300799042 /* Common */,
				384CCC49299C1ED3004049B3 /* Imc */,
				384CCC48299C1E9D004049B3 /* Splash */,
				38F8B2AE292F8C66006DD3B9 /* IMCApp.swift */,
				38F8B2B2292F8C68006DD3B9 /* Assets.xcassets */,
				38F8B2B4292F8C68006DD3B9 /* Preview Content */,
			);
			path = IMC;
			sourceTree = "<group>";
		};
		38F8B2B4292F8C68006DD3B9 /* Preview Content */ = {
			isa = PBXGroup;
			children = (
				38F8B2B5292F8C68006DD3B9 /* Preview Assets.xcassets */,
			);
			path = "Preview Content";
			sourceTree = "<group>";
		};
/* End PBXGroup section */

/* Begin PBXNativeTarget section */
		38F8B2AA292F8C66006DD3B9 /* IMC */ = {
			isa = PBXNativeTarget;
			buildConfigurationList = 38F8B2B9292F8C68006DD3B9 /* Build configuration list for PBXNativeTarget "IMC" */;
			buildPhases = (
				38F8B2A7292F8C66006DD3B9 /* Sources */,
				38F8B2A8292F8C66006DD3B9 /* Frameworks */,
				38F8B2A9292F8C66006DD3B9 /* Resources */,
			);
			buildRules = (
			);
			dependencies = (
			);
			name = IMC;
			productName = IMC;
			productReference = 38F8B2AB292F8C66006DD3B9 /* IMC.app */;
			productType = "com.apple.product-type.application";
		};
/* End PBXNativeTarget section */

/* Begin PBXProject section */
		38F8B2A3292F8C66006DD3B9 /* Project object */ = {
			isa = PBXProject;
			attributes = {
				BuildIndependentTargetsInParallel = 1;
				LastSwiftUpdateCheck = 1340;
				LastUpgradeCheck = 1340;
				TargetAttributes = {
					38F8B2AA292F8C66006DD3B9 = {
						CreatedOnToolsVersion = 13.4.1;
					};
				};
			};
			buildConfigurationList = 38F8B2A6292F8C66006DD3B9 /* Build configuration list for PBXProject "IMC" */;
			compatibilityVersion = "Xcode 13.0";
			developmentRegion = en;
			hasScannedForEncodings = 0;
			knownRegions = (
				en,
				Base,
			);
			mainGroup = 38F8B2A2292F8C66006DD3B9;
			productRefGroup = 38F8B2AC292F8C66006DD3B9 /* Products */;
			projectDirPath = "";
			projectRoot = "";
			targets = (
				38F8B2AA292F8C66006DD3B9 /* IMC */,
			);
		};
/* End PBXProject section */

/* Begin PBXResourcesBuildPhase section */
		38F8B2A9292F8C66006DD3B9 /* Resources */ = {
			isa = PBXResourcesBuildPhase;
			buildActionMask = 2147483647;
			files = (
				38F8B2B6292F8C68006DD3B9 /* Preview Assets.xcassets in Resources */,
				38F8B2B3292F8C68006DD3B9 /* Assets.xcassets in Resources */,
			);
			runOnlyForDeploymentPostprocessing = 0;
		};
/* End PBXResourcesBuildPhase section */

/* Begin PBXSourcesBuildPhase section */
		38F8B2A7292F8C66006DD3B9 /* Sources */ = {
			isa = PBXSourcesBuildPhase;
			buildActionMask = 2147483647;
			files = (
				38F8B2B1292F8C66006DD3B9 /* SplashView.swift in Sources */,
				387DD51F299D42D200799042 /* ImcViewModel.swift in Sources */,
				384CCC4C299C1F03004049B3 /* ImcView.swift in Sources */,
				384CCC47299C1CBE004049B3 /* SplashUiState.swift in Sources */,
				38F8B2AF292F8C66006DD3B9 /* IMCApp.swift in Sources */,
				387DD518299C6ADF00799042 /* CustomTextFieldStyle.swift in Sources */,
				387DD522299D463E00799042 /* SplashViewModel.swift in Sources */,
				387DD525299D4CFB00799042 /* SplashViewRouter.swift in Sources */,
			);
			runOnlyForDeploymentPostprocessing = 0;
		};
/* End PBXSourcesBuildPhase section */

/* Begin XCBuildConfiguration section */
		38F8B2B7292F8C68006DD3B9 /* Debug */ = {
			isa = XCBuildConfiguration;
			buildSettings = {
				ALWAYS_SEARCH_USER_PATHS = NO;
				CLANG_ANALYZER_NONNULL = YES;
				CLANG_ANALYZER_NUMBER_OBJECT_CONVERSION = YES_AGGRESSIVE;
				CLANG_CXX_LANGUAGE_STANDARD = "gnu++17";
				CLANG_ENABLE_MODULES = YES;
				CLANG_ENABLE_OBJC_ARC = YES;
				CLANG_ENABLE_OBJC_WEAK = YES;
				CLANG_WARN_BLOCK_CAPTURE_AUTORELEASING = YES;
				CLANG_WARN_BOOL_CONVERSION = YES;
				CLANG_WARN_COMMA = YES;
				CLANG_WARN_CONSTANT_CONVERSION = YES;
				CLANG_WARN_DEPRECATED_OBJC_IMPLEMENTATIONS = YES;
				CLANG_WARN_DIRECT_OBJC_ISA_USAGE = YES_ERROR;
				CLANG_WARN_DOCUMENTATION_COMMENTS = YES;
				CLANG_WARN_EMPTY_BODY = YES;
				CLANG_WARN_ENUM_CONVERSION = YES;
				CLANG_WARN_INFINITE_RECURSION = YES;
				CLANG_WARN_INT_CONVERSION = YES;
				CLANG_WARN_NON_LITERAL_NULL_CONVERSION = YES;
				CLANG_WARN_OBJC_IMPLICIT_RETAIN_SELF = YES;
				CLANG_WARN_OBJC_LITERAL_CONVERSION = YES;
				CLANG_WARN_OBJC_ROOT_CLASS = YES_ERROR;
				CLANG_WARN_QUOTED_INCLUDE_IN_FRAMEWORK_HEADER = YES;
				CLANG_WARN_RANGE_LOOP_ANALYSIS = YES;
				CLANG_WARN_STRICT_PROTOTYPES = YES;
				CLANG_WARN_SUSPICIOUS_MOVE = YES;
				CLANG_WARN_UNGUARDED_AVAILABILITY = YES_AGGRESSIVE;
				CLANG_WARN_UNREACHABLE_CODE = YES;
				CLANG_WARN__DUPLICATE_METHOD_MATCH = YES;
				COPY_PHASE_STRIP = NO;
				DEBUG_INFORMATION_FORMAT = dwarf;
				ENABLE_STRICT_OBJC_MSGSEND = YES;
				ENABLE_TESTABILITY = YES;
				GCC_C_LANGUAGE_STANDARD = gnu11;
				GCC_DYNAMIC_NO_PIC = NO;
				GCC_NO_COMMON_BLOCKS = YES;
				GCC_OPTIMIZATION_LEVEL = 0;
				GCC_PREPROCESSOR_DEFINITIONS = (
					"DEBUG=1",
					"$(inherited)",
				);
				GCC_WARN_64_TO_32_BIT_CONVERSION = YES;
				GCC_WARN_ABOUT_RETURN_TYPE = YES_ERROR;
				GCC_WARN_UNDECLARED_SELECTOR = YES;
				GCC_WARN_UNINITIALIZED_AUTOS = YES_AGGRESSIVE;
				GCC_WARN_UNUSED_FUNCTION = YES;
				GCC_WARN_UNUSED_VARIABLE = YES;
				IPHONEOS_DEPLOYMENT_TARGET = 15.5;
				MTL_ENABLE_DEBUG_INFO = INCLUDE_SOURCE;
				MTL_FAST_MATH = YES;
				ONLY_ACTIVE_ARCH = YES;
				SDKROOT = iphoneos;
				SWIFT_ACTIVE_COMPILATION_CONDITIONS = DEBUG;
				SWIFT_OPTIMIZATION_LEVEL = "-Onone";
			};
			name = Debug;
		};
		38F8B2B8292F8C68006DD3B9 /* Release */ = {
			isa = XCBuildConfiguration;
			buildSettings = {
				ALWAYS_SEARCH_USER_PATHS = NO;
				CLANG_ANALYZER_NONNULL = YES;
				CLANG_ANALYZER_NUMBER_OBJECT_CONVERSION = YES_AGGRESSIVE;
				CLANG_CXX_LANGUAGE_STANDARD = "gnu++17";
				CLANG_ENABLE_MODULES = YES;
				CLANG_ENABLE_OBJC_ARC = YES;
				CLANG_ENABLE_OBJC_WEAK = YES;
				CLANG_WARN_BLOCK_CAPTURE_AUTORELEASING = YES;
				CLANG_WARN_BOOL_CONVERSION = YES;
				CLANG_WARN_COMMA = YES;
				CLANG_WARN_CONSTANT_CONVERSION = YES;
				CLANG_WARN_DEPRECATED_OBJC_IMPLEMENTATIONS = YES;
				CLANG_WARN_DIRECT_OBJC_ISA_USAGE = YES_ERROR;
				CLANG_WARN_DOCUMENTATION_COMMENTS = YES;
				CLANG_WARN_EMPTY_BODY = YES;
				CLANG_WARN_ENUM_CONVERSION = YES;
				CLANG_WARN_INFINITE_RECURSION = YES;
				CLANG_WARN_INT_CONVERSION = YES;
				CLANG_WARN_NON_LITERAL_NULL_CONVERSION = YES;
				CLANG_WARN_OBJC_IMPLICIT_RETAIN_SELF = YES;
				CLANG_WARN_OBJC_LITERAL_CONVERSION = YES;
				CLANG_WARN_OBJC_ROOT_CLASS = YES_ERROR;
				CLANG_WARN_QUOTED_INCLUDE_IN_FRAMEWORK_HEADER = YES;
				CLANG_WARN_RANGE_LOOP_ANALYSIS = YES;
				CLANG_WARN_STRICT_PROTOTYPES = YES;
				CLANG_WARN_SUSPICIOUS_MOVE = YES;
				CLANG_WARN_UNGUARDED_AVAILABILITY = YES_AGGRESSIVE;
				CLANG_WARN_UNREACHABLE_CODE = YES;
				CLANG_WARN__DUPLICATE_METHOD_MATCH = YES;
				COPY_PHASE_STRIP = NO;
				DEBUG_INFORMATION_FORMAT = "dwarf-with-dsym";
				ENABLE_NS_ASSERTIONS = NO;
				ENABLE_STRICT_OBJC_MSGSEND = YES;
				GCC_C_LANGUAGE_STANDARD = gnu11;
				GCC_NO_COMMON_BLOCKS = YES;
				GCC_WARN_64_TO_32_BIT_CONVERSION = YES;
				GCC_WARN_ABOUT_RETURN_TYPE = YES_ERROR;
				GCC_WARN_UNDECLARED_SELECTOR = YES;
				GCC_WARN_UNINITIALIZED_AUTOS = YES_AGGRESSIVE;
				GCC_WARN_UNUSED_FUNCTION = YES;
				GCC_WARN_UNUSED_VARIABLE = YES;
				IPHONEOS_DEPLOYMENT_TARGET = 15.5;
				MTL_ENABLE_DEBUG_INFO = NO;
				MTL_FAST_MATH = YES;
				SDKROOT = iphoneos;
				SWIFT_COMPILATION_MODE = wholemodule;
				SWIFT_OPTIMIZATION_LEVEL = "-O";
				VALIDATE_PRODUCT = YES;
			};
			name = Release;
		};
		38F8B2BA292F8C68006DD3B9 /* Debug */ = {
			isa = XCBuildConfiguration;
			buildSettings = {
				ASSETCATALOG_COMPILER_APPICON_NAME = AppIcon;
				ASSETCATALOG_COMPILER_GLOBAL_ACCENT_COLOR_NAME = AccentColor;
				CODE_SIGN_STYLE = Automatic;
				CURRENT_PROJECT_VERSION = 1;
				DEVELOPMENT_ASSET_PATHS = "\"IMC/Preview Content\"";
				ENABLE_PREVIEWS = YES;
				GENERATE_INFOPLIST_FILE = YES;
				INFOPLIST_KEY_UIApplicationSceneManifest_Generation = YES;
				INFOPLIST_KEY_UIApplicationSupportsIndirectInputEvents = YES;
				INFOPLIST_KEY_UILaunchScreen_Generation = YES;
				INFOPLIST_KEY_UISupportedInterfaceOrientations_iPad = "UIInterfaceOrientationPortrait UIInterfaceOrientationPortraitUpsideDown UIInterfaceOrientationLandscapeLeft UIInterfaceOrientationLandscapeRight";
				INFOPLIST_KEY_UISupportedInterfaceOrientations_iPhone = "UIInterfaceOrientationPortrait UIInterfaceOrientationLandscapeLeft UIInterfaceOrientationLandscapeRight";
				LD_RUNPATH_SEARCH_PATHS = (
					"$(inherited)",
					"@executable_path/Frameworks",
				);
				MARKETING_VERSION = 1.0;
				PRODUCT_BUNDLE_IDENTIFIER = com.robertofilho.IMC;
				PRODUCT_NAME = "$(TARGET_NAME)";
				SWIFT_EMIT_LOC_STRINGS = YES;
				SWIFT_VERSION = 5.0;
				TARGETED_DEVICE_FAMILY = "1,2";
			};
			name = Debug;
		};
		38F8B2BB292F8C68006DD3B9 /* Release */ = {
			isa = XCBuildConfiguration;
			buildSettings = {
				ASSETCATALOG_COMPILER_APPICON_NAME = AppIcon;
				ASSETCATALOG_COMPILER_GLOBAL_ACCENT_COLOR_NAME = AccentColor;
				CODE_SIGN_STYLE = Automatic;
				CURRENT_PROJECT_VERSION = 1;
				DEVELOPMENT_ASSET_PATHS = "\"IMC/Preview Content\"";
				ENABLE_PREVIEWS = YES;
				GENERATE_INFOPLIST_FILE = YES;
				INFOPLIST_KEY_UIApplicationSceneManifest_Generation = YES;
				INFOPLIST_KEY_UIApplicationSupportsIndirectInputEvents = YES;
				INFOPLIST_KEY_UILaunchScreen_Generation = YES;
				INFOPLIST_KEY_UISupportedInterfaceOrientations_iPad = "UIInterfaceOrientationPortrait UIInterfaceOrientationPortraitUpsideDown UIInterfaceOrientationLandscapeLeft UIInterfaceOrientationLandscapeRight";
				INFOPLIST_KEY_UISupportedInterfaceOrientations_iPhone = "UIInterfaceOrientationPortrait UIInterfaceOrientationLandscapeLeft UIInterfaceOrientationLandscapeRight";
				LD_RUNPATH_SEARCH_PATHS = (
					"$(inherited)",
					"@executable_path/Frameworks",
				);
				MARKETING_VERSION = 1.0;
				PRODUCT_BUNDLE_IDENTIFIER = com.robertofilho.IMC;
				PRODUCT_NAME = "$(TARGET_NAME)";
				SWIFT_EMIT_LOC_STRINGS = YES;
				SWIFT_VERSION = 5.0;
				TARGETED_DEVICE_FAMILY = "1,2";
			};
			name = Release;
		};
/* End XCBuildConfiguration section */

/* Begin XCConfigurationList section */
		38F8B2A6292F8C66006DD3B9 /* Build configuration list for PBXProject "IMC" */ = {
			isa = XCConfigurationList;
			buildConfigurations = (
				38F8B2B7292F8C68006DD3B9 /* Debug */,
				38F8B2B8292F8C68006DD3B9 /* Release */,
			);
			defaultConfigurationIsVisible = 0;
			defaultConfigurationName = Release;
		};
		38F8B2B9292F8C68006DD3B9 /* Build configuration list for PBXNativeTarget "IMC" */ = {
			isa = XCConfigurationList;
			buildConfigurations = (
				38F8B2BA292F8C68006DD3B9 /* Debug */,
				38F8B2BB292F8C68006DD3B9 /* Release */,
			);
			defaultConfigurationIsVisible = 0;
			defaultConfigurationName = Release;
		};
/* End XCConfigurationList section */
	};
	rootObject = 38F8B2A3292F8C66006DD3B9 /* Project object */;
}
